# This file is automatically @generated by Cargo.
# It is not intended for manual editing.
version = 4

[[package]]
name = "ginto"
version = "0.1.0"
dependencies = [
 "ginto_diag",
 "ginto_syntax",
]

[[package]]
name = "ginto_diag"
version = "0.1.0"

[[package]]
name = "ginto_syntax"
version = "0.1.0"
dependencies = [
 "ginto_diag",
]
